// !$*UTF8*$!
{
	archiveVersion = 1;
	classes = {
	};
	objectVersion = 46;
	objects = {

/* Begin PBXBuildFile section */
		613BAE7FF06CB1FA1C29D81B /* Pods_BigText.framework in Frameworks */ = {isa = PBXBuildFile; fileRef = B9A8773138A313145B7FE638 /* Pods_BigText.framework */; };
		84F6D81C1EF19CB100C822AD /* AppDelegate.swift in Sources */ = {isa = PBXBuildFile; fileRef = 84F6D81B1EF19CB100C822AD /* AppDelegate.swift */; };
		84F6D81E1EF19CB100C822AD /* ViewController.swift in Sources */ = {isa = PBXBuildFile; fileRef = 84F6D81D1EF19CB100C822AD /* ViewController.swift */; };
		84F6D8211EF19CB100C822AD /* Main.storyboard in Resources */ = {isa = PBXBuildFile; fileRef = 84F6D81F1EF19CB100C822AD /* Main.storyboard */; };
		84F6D8231EF19CB100C822AD /* Assets.xcassets in Resources */ = {isa = PBXBuildFile; fileRef = 84F6D8221EF19CB100C822AD /* Assets.xcassets */; };
		84F6D8261EF19CB100C822AD /* LaunchScreen.storyboard in Resources */ = {isa = PBXBuildFile; fileRef = 84F6D8241EF19CB100C822AD /* LaunchScreen.storyboard */; };
		84F6D8301EF1D2C900C822AD /* FontStyleViewController.swift in Sources */ = {isa = PBXBuildFile; fileRef = 84F6D82F1EF1D2C900C822AD /* FontStyleViewController.swift */; };
		84F6D8321EF1DA3000C822AD /* SpecSelectionViewController.swift in Sources */ = {isa = PBXBuildFile; fileRef = 84F6D8311EF1DA3000C822AD /* SpecSelectionViewController.swift */; };
/* End PBXBuildFile section */

/* Begin PBXFileReference section */
		4B87A748111D19454819CA58 /* Pods-BigText.release.xcconfig */ = {isa = PBXFileReference; includeInIndex = 1; lastKnownFileType = text.xcconfig; name = "Pods-BigText.release.xcconfig"; path = "Pods/Target Support Files/Pods-BigText/Pods-BigText.release.xcconfig"; sourceTree = "<group>"; };
		84F6D8181EF19CB100C822AD /* BigText.app */ = {isa = PBXFileReference; explicitFileType = wrapper.application; includeInIndex = 0; path = BigText.app; sourceTree = BUILT_PRODUCTS_DIR; };
		84F6D81B1EF19CB100C822AD /* AppDelegate.swift */ = {isa = PBXFileReference; lastKnownFileType = sourcecode.swift; path = AppDelegate.swift; sourceTree = "<group>"; };
		84F6D81D1EF19CB100C822AD /* ViewController.swift */ = {isa = PBXFileReference; lastKnownFileType = sourcecode.swift; path = ViewController.swift; sourceTree = "<group>"; };
		84F6D8201EF19CB100C822AD /* Base */ = {isa = PBXFileReference; lastKnownFileType = file.storyboard; name = Base; path = Base.lproj/Main.storyboard; sourceTree = "<group>"; };
		84F6D8221EF19CB100C822AD /* Assets.xcassets */ = {isa = PBXFileReference; lastKnownFileType = folder.assetcatalog; path = Assets.xcassets; sourceTree = "<group>"; };
		84F6D8251EF19CB100C822AD /* Base */ = {isa = PBXFileReference; lastKnownFileType = file.storyboard; name = Base; path = Base.lproj/LaunchScreen.storyboard; sourceTree = "<group>"; };
		84F6D8271EF19CB100C822AD /* Info.plist */ = {isa = PBXFileReference; lastKnownFileType = text.plist.xml; path = Info.plist; sourceTree = "<group>"; };
		84F6D82F1EF1D2C900C822AD /* FontStyleViewController.swift */ = {isa = PBXFileReference; fileEncoding = 4; lastKnownFileType = sourcecode.swift; path = FontStyleViewController.swift; sourceTree = "<group>"; };
		84F6D8311EF1DA3000C822AD /* SpecSelectionViewController.swift */ = {isa = PBXFileReference; fileEncoding = 4; lastKnownFileType = sourcecode.swift; path = SpecSelectionViewController.swift; sourceTree = "<group>"; };
		B9A8773138A313145B7FE638 /* Pods_BigText.framework */ = {isa = PBXFileReference; explicitFileType = wrapper.framework; includeInIndex = 0; path = Pods_BigText.framework; sourceTree = BUILT_PRODUCTS_DIR; };
		DD819BC87BF12D0D7B5D8BD2 /* Pods-BigText.debug.xcconfig */ = {isa = PBXFileReference; includeInIndex = 1; lastKnownFileType = text.xcconfig; name = "Pods-BigText.debug.xcconfig"; path = "Pods/Target Support Files/Pods-BigText/Pods-BigText.debug.xcconfig"; sourceTree = "<group>"; };
/* End PBXFileReference section */

/* Begin PBXFrameworksBuildPhase section */
		84F6D8151EF19CB100C822AD /* Frameworks */ = {
			isa = PBXFrameworksBuildPhase;
			buildActionMask = 2147483647;
			files = (
				613BAE7FF06CB1FA1C29D81B /* Pods_BigText.framework in Frameworks */,
			);
			runOnlyForDeploymentPostprocessing = 0;
		};
/* End PBXFrameworksBuildPhase section */

/* Begin PBXGroup section */
		1D8C4A9A50044CF945BB7E65 /* Pods */ = {
			isa = PBXGroup;
			children = (
				DD819BC87BF12D0D7B5D8BD2 /* Pods-BigText.debug.xcconfig */,
				4B87A748111D19454819CA58 /* Pods-BigText.release.xcconfig */,
			);
			name = Pods;
			sourceTree = "<group>";
		};
		84F6D80F1EF19CB100C822AD = {
			isa = PBXGroup;
			children = (
				84F6D81A1EF19CB100C822AD /* BigText */,
				84F6D8191EF19CB100C822AD /* Products */,
				1D8C4A9A50044CF945BB7E65 /* Pods */,
				ED6A06F369A79FD19D501EA2 /* Frameworks */,
			);
			sourceTree = "<group>";
		};
		84F6D8191EF19CB100C822AD /* Products */ = {
			isa = PBXGroup;
			children = (
				84F6D8181EF19CB100C822AD /* BigText.app */,
			);
			name = Products;
			sourceTree = "<group>";
		};
		84F6D81A1EF19CB100C822AD /* BigText */ = {
			isa = PBXGroup;
			children = (
				84F6D81B1EF19CB100C822AD /* AppDelegate.swift */,
				84F6D81D1EF19CB100C822AD /* ViewController.swift */,
				84F6D81F1EF19CB100C822AD /* Main.storyboard */,
				84F6D8221EF19CB100C822AD /* Assets.xcassets */,
				84F6D8241EF19CB100C822AD /* LaunchScreen.storyboard */,
				84F6D8271EF19CB100C822AD /* Info.plist */,
				84F6D82F1EF1D2C900C822AD /* FontStyleViewController.swift */,
				84F6D8311EF1DA3000C822AD /* SpecSelectionViewController.swift */,
			);
			path = BigText;
			sourceTree = "<group>";
		};
		ED6A06F369A79FD19D501EA2 /* Frameworks */ = {
			isa = PBXGroup;
			children = (
				B9A8773138A313145B7FE638 /* Pods_BigText.framework */,
			);
			name = Frameworks;
			sourceTree = "<group>";
		};
/* End PBXGroup section */

/* Begin PBXNativeTarget section */
		84F6D8171EF19CB100C822AD /* BigText */ = {
			isa = PBXNativeTarget;
			buildConfigurationList = 84F6D82A1EF19CB100C822AD /* Build configuration list for PBXNativeTarget "BigText" */;
			buildPhases = (
				78F365B80AA18B44FF7B3D28 /* [CP] Check Pods Manifest.lock */,
				84F6D8141EF19CB100C822AD /* Sources */,
				84F6D8151EF19CB100C822AD /* Frameworks */,
				84F6D8161EF19CB100C822AD /* Resources */,
				2ADB1796356AE9295D5F803E /* [CP] Embed Pods Frameworks */,
				7414168CB30D11799B57CD82 /* [CP] Copy Pods Resources */,
			);
			buildRules = (
			);
			dependencies = (
			);
			name = BigText;
			productName = BigText;
			productReference = 84F6D8181EF19CB100C822AD /* BigText.app */;
			productType = "com.apple.product-type.application";
		};
/* End PBXNativeTarget section */

/* Begin PBXProject section */
		84F6D8101EF19CB100C822AD /* Project object */ = {
			isa = PBXProject;
			attributes = {
				LastSwiftUpdateCheck = 0830;
				LastUpgradeCheck = 0830;
				ORGANIZATIONNAME = "Bruno Scheltzke";
				TargetAttributes = {
					84F6D8171EF19CB100C822AD = {
						CreatedOnToolsVersion = 8.3.3;
						DevelopmentTeam = M3PUPH2NBH;
						ProvisioningStyle = Automatic;
					};
				};
			};
			buildConfigurationList = 84F6D8131EF19CB100C822AD /* Build configuration list for PBXProject "BigText" */;
			compatibilityVersion = "Xcode 3.2";
			developmentRegion = English;
			hasScannedForEncodings = 0;
			knownRegions = (
				en,
				Base,
			);
			mainGroup = 84F6D80F1EF19CB100C822AD;
			productRefGroup = 84F6D8191EF19CB100C822AD /* Products */;
			projectDirPath = "";
			projectRoot = "";
			targets = (
				84F6D8171EF19CB100C822AD /* BigText */,
			);
		};
/* End PBXProject section */

/* Begin PBXResourcesBuildPhase section */
		84F6D8161EF19CB100C822AD /* Resources */ = {
			isa = PBXResourcesBuildPhase;
			buildActionMask = 2147483647;
			files = (
				84F6D8261EF19CB100C822AD /* LaunchScreen.storyboard in Resources */,
				84F6D8231EF19CB100C822AD /* Assets.xcassets in Resources */,
				84F6D8211EF19CB100C822AD /* Main.storyboard in Resources */,
			);
			runOnlyForDeploymentPostprocessing = 0;
		};
/* End PBXResourcesBuildPhase section */

/* Begin PBXShellScriptBuildPhase section */
		2ADB1796356AE9295D5F803E /* [CP] Embed Pods Frameworks */ = {
			isa = PBXShellScriptBuildPhase;
			buildActionMask = 2147483647;
			files = (
			);
			inputPaths = (
			);
			name = "[CP] Embed Pods Frameworks";
			outputPaths = (
			);
			runOnlyForDeploymentPostprocessing = 0;
			shellPath = /bin/sh;
			shellScript = "\"${SRCROOT}/Pods/Target Support Files/Pods-BigText/Pods-BigText-frameworks.sh\"\n";
			showEnvVarsInLog = 0;
		};
		7414168CB30D11799B57CD82 /* [CP] Copy Pods Resources */ = {
			isa = PBXShellScriptBuildPhase;
			buildActionMask = 2147483647;
			files = (
			);
			inputPaths = (
			);
			name = "[CP] Copy Pods Resources";
			outputPaths = (
			);
			runOnlyForDeploymentPostprocessing = 0;
			shellPath = /bin/sh;
			shellScript = "\"${SRCROOT}/Pods/Target Support Files/Pods-BigText/Pods-BigText-resources.sh\"\n";
			showEnvVarsInLog = 0;
		};
		78F365B80AA18B44FF7B3D28 /* [CP] Check Pods Manifest.lock */ = {
			isa = PBXShellScriptBuildPhase;
			buildActionMask = 2147483647;
			files = (
			);
			inputPaths = (
			);
			name = "[CP] Check Pods Manifest.lock";
			outputPaths = (
			);
			runOnlyForDeploymentPostprocessing = 0;
			shellPath = /bin/sh;
			shellScript = "diff \"${PODS_PODFILE_DIR_PATH}/Podfile.lock\" \"${PODS_ROOT}/Manifest.lock\" > /dev/null\nif [ $? != 0 ] ; then\n    # print error to STDERR\n    echo \"error: The sandbox is not in sync with the Podfile.lock. Run 'pod install' or update your CocoaPods installation.\" >&2\n    exit 1\nfi\n";
			showEnvVarsInLog = 0;
		};
/* End PBXShellScriptBuildPhase section */

/* Begin PBXSourcesBuildPhase section */
		84F6D8141EF19CB100C822AD /* Sources */ = {
			isa = PBXSourcesBuildPhase;
			buildActionMask = 2147483647;
			files = (
				84F6D8321EF1DA3000C822AD /* SpecSelectionViewController.swift in Sources */,
				84F6D81E1EF19CB100C822AD /* ViewController.swift in Sources */,
				84F6D8301EF1D2C900C822AD /* FontStyleViewController.swift in Sources */,
				84F6D81C1EF19CB100C822AD /* AppDelegate.swift in Sources */,
			);
			runOnlyForDeploymentPostprocessing = 0;
		};
/* End PBXSourcesBuildPhase section */

/* Begin PBXVariantGroup section */
		84F6D81F1EF19CB100C822AD /* Main.storyboard */ = {
			isa = PBXVariantGroup;
			children = (
				84F6D8201EF19CB100C822AD /* Base */,
			);
			name = Main.storyboard;
			sourceTree = "<group>";
		};
		84F6D8241EF19CB100C822AD /* LaunchScreen.storyboard */ = {
			isa = PBXVariantGroup;
			children = (
				84F6D8251EF19CB100C822AD /* Base */,
			);
			name = LaunchScreen.storyboard;
			sourceTree = "<group>";
		};
/* End PBXVariantGroup section */

/* Begin XCBuildConfiguration section */
		84F6D8281EF19CB100C822AD /* Debug */ = {
			isa = XCBuildConfiguration;
			buildSettings = {
				ALWAYS_SEARCH_USER_PATHS = NO;
				CLANG_ANALYZER_NONNULL = YES;
				CLANG_ANALYZER_NUMBER_OBJECT_CONVERSION = YES_AGGRESSIVE;
				CLANG_CXX_LANGUAGE_STANDARD = "gnu++0x";
				CLANG_CXX_LIBRARY = "libc++";
				CLANG_ENABLE_MODULES = YES;
				CLANG_ENABLE_OBJC_ARC = YES;
				CLANG_WARN_BOOL_CONVERSION = YES;
				CLANG_WARN_CONSTANT_CONVERSION = YES;
				CLANG_WARN_DIRECT_OBJC_ISA_USAGE = YES_ERROR;
				CLANG_WARN_DOCUMENTATION_COMMENTS = YES;
				CLANG_WARN_EMPTY_BODY = YES;
				CLANG_WARN_ENUM_CONVERSION = YES;
				CLANG_WARN_INFINITE_RECURSION = YES;
				CLANG_WARN_INT_CONVERSION = YES;
				CLANG_WARN_OBJC_ROOT_CLASS = YES_ERROR;
				CLANG_WARN_SUSPICIOUS_MOVE = YES;
				CLANG_WARN_UNREACHABLE_CODE = YES;
				CLANG_WARN__DUPLICATE_METHOD_MATCH = YES;
				"CODE_SIGN_IDENTITY[sdk=iphoneos*]" = "iPhone Developer";
				COPY_PHASE_STRIP = NO;
				DEBUG_INFORMATION_FORMAT = dwarf;
				ENABLE_STRICT_OBJC_MSGSEND = YES;
				ENABLE_TESTABILITY = YES;
				GCC_C_LANGUAGE_STANDARD = gnu99;
				GCC_DYNAMIC_NO_PIC = NO;
				GCC_NO_COMMON_BLOCKS = YES;
				GCC_OPTIMIZATION_LEVEL = 0;
				GCC_PREPROCESSOR_DEFINITIONS = (
					"DEBUG=1",
					"$(inherited)",
				);
				GCC_WARN_64_TO_32_BIT_CONVERSION = YES;
				GCC_WARN_ABOUT_RETURN_TYPE = YES_ERROR;
				GCC_WARN_UNDECLARED_SELECTOR = YES;
				GCC_WARN_UNINITIALIZED_AUTOS = YES_AGGRESSIVE;
				GCC_WARN_UNUSED_FUNCTION = YES;
				GCC_WARN_UNUSED_VARIABLE = YES;
				IPHONEOS_DEPLOYMENT_TARGET = 10.3;
				MTL_ENABLE_DEBUG_INFO = YES;
				ONLY_ACTIVE_ARCH = YES;
				SDKROOT = iphoneos;
				SWIFT_ACTIVE_COMPILATION_CONDITIONS = DEBUG;
				SWIFT_OPTIMIZATION_LEVEL = "-Onone";
			};
			name = Debug;
		};
		84F6D8291EF19CB100C822AD /* Release */ = {
			isa = XCBuildConfiguration;
			buildSettings = {
				ALWAYS_SEARCH_USER_PATHS = NO;
				CLANG_ANALYZER_NONNULL = YES;
				CLANG_ANALYZER_NUMBER_OBJECT_CONVERSION = YES_AGGRESSIVE;
				CLANG_CXX_LANGUAGE_STANDARD = "gnu++0x";
				CLANG_CXX_LIBRARY = "libc++";
				CLANG_ENABLE_MODULES = YES;
				CLANG_ENABLE_OBJC_ARC = YES;
				CLANG_WARN_BOOL_CONVERSION = YES;
				CLANG_WARN_CONSTANT_CONVERSION = YES;
				CLANG_WARN_DIRECT_OBJC_ISA_USAGE = YES_ERROR;
				CLANG_WARN_DOCUMENTATION_COMMENTS = YES;
				CLANG_WARN_EMPTY_BODY = YES;
				CLANG_WARN_ENUM_CONVERSION = YES;
				CLANG_WARN_INFINITE_RECURSION = YES;
				CLANG_WARN_INT_CONVERSION = YES;
				CLANG_WARN_OBJC_ROOT_CLASS = YES_ERROR;
				CLANG_WARN_SUSPICIOUS_MOVE = YES;
				CLANG_WARN_UNREACHABLE_CODE = YES;
				CLANG_WARN__DUPLICATE_METHOD_MATCH = YES;
				"CODE_SIGN_IDENTITY[sdk=iphoneos*]" = "iPhone Developer";
				COPY_PHASE_STRIP = NO;
				DEBUG_INFORMATION_FORMAT = "dwarf-with-dsym";
				ENABLE_NS_ASSERTIONS = NO;
				ENABLE_STRICT_OBJC_MSGSEND = YES;
				GCC_C_LANGUAGE_STANDARD = gnu99;
				GCC_NO_COMMON_BLOCKS = YES;
				GCC_WARN_64_TO_32_BIT_CONVERSION = YES;
				GCC_WARN_ABOUT_RETURN_TYPE = YES_ERROR;
				GCC_WARN_UNDECLARED_SELECTOR = YES;
				GCC_WARN_UNINITIALIZED_AUTOS = YES_AGGRESSIVE;
				GCC_WARN_UNUSED_FUNCTION = YES;
				GCC_WARN_UNUSED_VARIABLE = YES;
				IPHONEOS_DEPLOYMENT_TARGET = 10.3;
				MTL_ENABLE_DEBUG_INFO = NO;
				SDKROOT = iphoneos;
				SWIFT_OPTIMIZATION_LEVEL = "-Owholemodule";
				VALIDATE_PRODUCT = YES;
			};
			name = Release;
		};
		84F6D82B1EF19CB100C822AD /* Debug */ = {
			isa = XCBuildConfiguration;
			baseConfigurationReference = DD819BC87BF12D0D7B5D8BD2 /* Pods-BigText.debug.xcconfig */;
			buildSettings = {
				ASSETCATALOG_COMPILER_APPICON_NAME = AppIcon;
				DEVELOPMENT_TEAM = M3PUPH2NBH;
				INFOPLIST_FILE = BigText/Info.plist;
				IPHONEOS_DEPLOYMENT_TARGET = 9.0;
				LD_RUNPATH_SEARCH_PATHS = "$(inherited) @executable_path/Frameworks";
				PRODUCT_BUNDLE_IDENTIFIER = Scheltzke.BigText;
				PRODUCT_NAME = "$(TARGET_NAME)";
				SWIFT_VERSION = 3.0;
				TARGETED_DEVICE_FAMILY = "1,2";
			};
			name = Debug;
		};
		84F6D82C1EF19CB100C822AD /* Release */ = {
			isa = XCBuildConfiguration;
			baseConfigurationReference = 4B87A748111D19454819CA58 /* Pods-BigText.release.xcconfig */;
			buildSettings = {
				ASSETCATALOG_COMPILER_APPICON_NAME = AppIcon;
				DEVELOPMENT_TEAM = M3PUPH2NBH;
				INFOPLIST_FILE = BigText/Info.plist;
				IPHONEOS_DEPLOYMENT_TARGET = 9.0;
				LD_RUNPATH_SEARCH_PATHS = "$(inherited) @executable_path/Frameworks";
				PRODUCT_BUNDLE_IDENTIFIER = Scheltzke.BigText;
				PRODUCT_NAME = "$(TARGET_NAME)";
				SWIFT_VERSION = 3.0;
				TARGETED_DEVICE_FAMILY = "1,2";
			};
			name = Release;
		};
/* End XCBuildConfiguration section */

/* Begin XCConfigurationList section */
		84F6D8131EF19CB100C822AD /* Build configuration list for PBXProject "BigText" */ = {
			isa = XCConfigurationList;
			buildConfigurations = (
				84F6D8281EF19CB100C822AD /* Debug */,
				84F6D8291EF19CB100C822AD /* Release */,
			);
			defaultConfigurationIsVisible = 0;
			defaultConfigurationName = Release;
		};
		84F6D82A1EF19CB100C822AD /* Build configuration list for PBXNativeTarget "BigText" */ = {
			isa = XCConfigurationList;
			buildConfigurations = (
				84F6D82B1EF19CB100C822AD /* Debug */,
				84F6D82C1EF19CB100C822AD /* Release */,
			);
			defaultConfigurationIsVisible = 0;
			defaultConfigurationName = Release;
		};
/* End XCConfigurationList section */
	};
	rootObject = 84F6D8101EF19CB100C822AD /* Project object */;
}
